
Microsoft Visual Studio Solution File, Format Version 12.00
# Visual Studio Version 17
VisualStudioVersion = 17.0.32014.148
MinimumVisualStudioVersion = 10.0.40219.1
Project("{FAE04EC0-301F-11D3-BF4B-00C04F79EFBC}") = "QS.BaseWebApi", "QS.BaseWebApi\QS.BaseWebApi.csproj", "{068F953A-55EE-428C-AF67-EA63DB05FCB2}"
EndProject
Project("{FAE04EC0-301F-11D3-BF4B-00C04F79EFBC}") = "QS.Shared", "QS.Shared\QS.Shared.csproj", "{F984B65B-8B62-4A22-ACCE-01E232BAE4D4}"
EndProject
Project("{9A19103F-16F7-4668-BE54-9A1E7A4F7556}") = "QS.Authentication", "QS.Authentication\QS.Authentication.csproj", "{A2E33B77-BEEA-4419-9CA7-659C973DCD6F}"
EndProject
Global
	GlobalSection(SolutionConfigurationPlatforms) = preSolution
		Debug|Any CPU = Debug|Any CPU
		Release|Any CPU = Release|Any CPU
	EndGlobalSection
	GlobalSection(ProjectConfigurationPlatforms) = postSolution
		{068F953A-55EE-428C-AF67-EA63DB05FCB2}.Debug|Any CPU.ActiveCfg = Debug|Any CPU
		{068F953A-55EE-428C-AF67-EA63DB05FCB2}.Debug|Any CPU.Build.0 = Debug|Any CPU
		{068F953A-55EE-428C-AF67-EA63DB05FCB2}.Release|Any CPU.ActiveCfg = Release|Any CPU
		{068F953A-55EE-428C-AF67-EA63DB05FCB2}.Release|Any CPU.Build.0 = Release|Any CPU
		{F984B65B-8B62-4A22-ACCE-01E232BAE4D4}.Debug|Any CPU.ActiveCfg = Debug|Any CPU
		{F984B65B-8B62-4A22-ACCE-01E232BAE4D4}.Debug|Any CPU.Build.0 = Debug|Any CPU
		{F984B65B-8B62-4A22-ACCE-01E232BAE4D4}.Release|Any CPU.ActiveCfg = Release|Any CPU
		{F984B65B-8B62-4A22-ACCE-01E232BAE4D4}.Release|Any CPU.Build.0 = Release|Any CPU
		{A2E33B77-BEEA-4419-9CA7-659C973DCD6F}.Debug|Any CPU.ActiveCfg = Debug|Any CPU
		{A2E33B77-BEEA-4419-9CA7-659C973DCD6F}.Debug|Any CPU.Build.0 = Debug|Any CPU
		{A2E33B77-BEEA-4419-9CA7-659C973DCD6F}.Release|Any CPU.ActiveCfg = Release|Any CPU
		{A2E33B77-BEEA-4419-9CA7-659C973DCD6F}.Release|Any CPU.Build.0 = Release|Any CPU
	EndGlobalSection
	GlobalSection(SolutionProperties) = preSolution
		HideSolutionNode = FALSE
	EndGlobalSection
	GlobalSection(ExtensibilityGlobals) = postSolution
		SolutionGuid = {9E945A63-1315-4E01-9F10-98A91C87FB15}
	EndGlobalSection
EndGlobal
